<Solution>
  <Folder Name="/BuildingBlocks/">
    <Project Path="../src/BuildingBlocks/BuildingBlocks/BuildingBlocks.csproj" Id="994b04d0-04e3-4d4d-b25d-eae81fe5af12" />
  </Folder>
  <Folder Name="/Services/" />
  <Folder Name="/Services/Catalog/">
    <Project Path="Catalog.API/Catalog.API.csproj" />
  </Folder>
  <Project Path="docker-compose.dcproj">
    <Build />
  </Project>
</Solution>
